
Microsoft Visual Studio Solution File, Format Version 12.00
# Visual Studio Version 16
VisualStudioVersion = 16.0.30002.166
MinimumVisualStudioVersion = 10.0.40219.1
Project("{FAE04EC0-301F-11D3-BF4B-00C04F79EFBC}") = "gurleenProject", "gurleenProject.csproj", "{EFF83C3B-A39E-4DDA-A9A1-4FB886750915}"
EndProject
Global
	GlobalSection(SolutionConfigurationPlatforms) = preSolution
		Debug|Any CPU = Debug|Any CPU
		Release|Any CPU = Release|Any CPU
	EndGlobalSection
	GlobalSection(ProjectConfigurationPlatforms) = postSolution
		{EFF83C3B-A39E-4DDA-A9A1-4FB886750915}.Debug|Any CPU.ActiveCfg = Debug|Any CPU
		{EFF83C3B-A39E-4DDA-A9A1-4FB886750915}.Debug|Any CPU.Build.0 = Debug|Any CPU
		{EFF83C3B-A39E-4DDA-A9A1-4FB886750915}.Release|Any CPU.ActiveCfg = Release|Any CPU
		{EFF83C3B-A39E-4DDA-A9A1-4FB886750915}.Release|Any CPU.Build.0 = Release|Any CPU
	EndGlobalSection
	GlobalSection(SolutionProperties) = preSolution
		HideSolutionNode = FALSE
	EndGlobalSection
	GlobalSection(ExtensibilityGlobals) = postSolution
		SolutionGuid = {BB545287-5C87-4383-BA05-8E20BD31A032}
	EndGlobalSection
EndGlobal
